
Microsoft Visual Studio Solution File, Format Version 12.00
# Visual Studio Version 16
VisualStudioVersion = 16.0.30320.27
MinimumVisualStudioVersion = 10.0.40219.1
Project("{FAE04EC0-301F-11D3-BF4B-00C04F79EFBC}") = "TogglWatcher", "TogglWatcher.csproj", "{8877203C-3F42-40CF-BA8F-1A3E4F8A3523}"
EndProject
Global
	GlobalSection(SolutionConfigurationPlatforms) = preSolution
		Debug|Any CPU = Debug|Any CPU
		Release|Any CPU = Release|Any CPU
	EndGlobalSection
	GlobalSection(ProjectConfigurationPlatforms) = postSolution
		{8877203C-3F42-40CF-BA8F-1A3E4F8A3523}.Debug|Any CPU.ActiveCfg = Debug|Any CPU
		{8877203C-3F42-40CF-BA8F-1A3E4F8A3523}.Debug|Any CPU.Build.0 = Debug|Any CPU
		{8877203C-3F42-40CF-BA8F-1A3E4F8A3523}.Release|Any CPU.ActiveCfg = Release|Any CPU
		{8877203C-3F42-40CF-BA8F-1A3E4F8A3523}.Release|Any CPU.Build.0 = Release|Any CPU
	EndGlobalSection
	GlobalSection(SolutionProperties) = preSolution
		HideSolutionNode = FALSE
	EndGlobalSection
	GlobalSection(ExtensibilityGlobals) = postSolution
		SolutionGuid = {B5C3B413-4311-4A88-8235-65C2C8F62317}
	EndGlobalSection
EndGlobal
